{
  "name": "books",
  "version": "1.0.0",
  "lockfileVersion": 1,
  "requires": true,
  "dependencies": {
    "jacobs-state-store": {
      "version": "1.0.0",
      "resolved": "https://registry.npmjs.org/jacobs-state-store/-/jacobs-state-store-1.0.0.tgz",
      "integrity": "sha512-uZ2IOKiCvHRmekmlxWDEjs64TO/u4Q5Xlog0DiGRsVCqUy70tKW96fh8uydpYdDArL9DK8n7hZ0nBQ/uKSUGaw==",
      "requires": {
        "user": "0.0.0"
      }
    },
    "user": {
      "version": "0.0.0",
      "resolved": "https://registry.npmjs.org/user/-/user-0.0.0.tgz",
      "integrity": "sha1-8n8bI/xRHyqO+kDbVc+6Ejgk4Co="
    }
  }
}
